// !$*UTF8*$!
{
	archiveVersion = 1;
	classes = {
	};
	objectVersion = 50;
	objects = {

/* Begin PBXBuildFile section */
		C83CD12D1F7E50F10246027B /* Pods_SampleProjectTests.framework in Frameworks */ = {isa = PBXBuildFile; fileRef = AD0716342DFA0D8F06E6C0FC /* Pods_SampleProjectTests.framework */; };
		F05F01472573C16A00E179CB /* SampleProject-DEV.xcconfig in Resources */ = {isa = PBXBuildFile; fileRef = F05F01462573C16A00E179CB /* SampleProject-DEV.xcconfig */; };
		F05F01492573C18500E179CB /* SampleProject-PROD.xcconfig in Resources */ = {isa = PBXBuildFile; fileRef = F05F01482573C18500E179CB /* SampleProject-PROD.xcconfig */; };
		F0D8E64C2572CC620058EC30 /* AppDelegate.swift in Sources */ = {isa = PBXBuildFile; fileRef = F0D8E64B2572CC620058EC30 /* AppDelegate.swift */; };
		F0D8E64E2572CC620058EC30 /* SceneDelegate.swift in Sources */ = {isa = PBXBuildFile; fileRef = F0D8E64D2572CC620058EC30 /* SceneDelegate.swift */; };
		F0D8E6522572CC640058EC30 /* Assets.xcassets in Resources */ = {isa = PBXBuildFile; fileRef = F0D8E6512572CC640058EC30 /* Assets.xcassets */; };
		F0D8E6582572CC640058EC30 /* LaunchScreen.storyboard in Resources */ = {isa = PBXBuildFile; fileRef = F0D8E6562572CC640058EC30 /* LaunchScreen.storyboard */; };
		F0D8E6632572CC640058EC30 /* SampleProjectTests.swift in Sources */ = {isa = PBXBuildFile; fileRef = F0D8E6622572CC640058EC30 /* SampleProjectTests.swift */; };
/* End PBXBuildFile section */

/* Begin PBXContainerItemProxy section */
		F0D8E65F2572CC640058EC30 /* PBXContainerItemProxy */ = {
			isa = PBXContainerItemProxy;
			containerPortal = F0D8E6402572CC620058EC30 /* Project object */;
			proxyType = 1;
			remoteGlobalIDString = F0D8E6472572CC620058EC30;
			remoteInfo = SampleProject;
		};
/* End PBXContainerItemProxy section */

/* Begin PBXFileReference section */
		0ED64D526DF5DF877D7E53A4 /* Pods-SampleProject.release-dev.xcconfig */ = {isa = PBXFileReference; includeInIndex = 1; lastKnownFileType = text.xcconfig; name = "Pods-SampleProject.release-dev.xcconfig"; path = "Target Support Files/Pods-SampleProject/Pods-SampleProject.release-dev.xcconfig"; sourceTree = "<group>"; };
		23FCD74CF2AD4282A058D2CB /* Pods-SampleProjectTests.release-prod.xcconfig */ = {isa = PBXFileReference; includeInIndex = 1; lastKnownFileType = text.xcconfig; name = "Pods-SampleProjectTests.release-prod.xcconfig"; path = "Target Support Files/Pods-SampleProjectTests/Pods-SampleProjectTests.release-prod.xcconfig"; sourceTree = "<group>"; };
		2988512888AF65071B374891 /* Pods-SampleProjectTests.debug-prod.xcconfig */ = {isa = PBXFileReference; includeInIndex = 1; lastKnownFileType = text.xcconfig; name = "Pods-SampleProjectTests.debug-prod.xcconfig"; path = "Target Support Files/Pods-SampleProjectTests/Pods-SampleProjectTests.debug-prod.xcconfig"; sourceTree = "<group>"; };
		43E46D788B6039289B8F6AEC /* Pods_SampleProject.framework */ = {isa = PBXFileReference; explicitFileType = wrapper.framework; includeInIndex = 0; path = Pods_SampleProject.framework; sourceTree = BUILT_PRODUCTS_DIR; };
		5341369D117E094BD4263379 /* Pods-SampleProject.release.xcconfig */ = {isa = PBXFileReference; includeInIndex = 1; lastKnownFileType = text.xcconfig; name = "Pods-SampleProject.release.xcconfig"; path = "Target Support Files/Pods-SampleProject/Pods-SampleProject.release.xcconfig"; sourceTree = "<group>"; };
		5AF0C85D969740AFDEE1662B /* Pods-SampleProject.debug-prod.xcconfig */ = {isa = PBXFileReference; includeInIndex = 1; lastKnownFileType = text.xcconfig; name = "Pods-SampleProject.debug-prod.xcconfig"; path = "Target Support Files/Pods-SampleProject/Pods-SampleProject.debug-prod.xcconfig"; sourceTree = "<group>"; };
		6AA841D1AAE4835CCA7034AF /* Pods-SampleProject.debug-dev.xcconfig */ = {isa = PBXFileReference; includeInIndex = 1; lastKnownFileType = text.xcconfig; name = "Pods-SampleProject.debug-dev.xcconfig"; path = "Target Support Files/Pods-SampleProject/Pods-SampleProject.debug-dev.xcconfig"; sourceTree = "<group>"; };
		6ED246FF18A0DC69F59E0336 /* Pods-SampleProjectTests.debug-dev.xcconfig */ = {isa = PBXFileReference; includeInIndex = 1; lastKnownFileType = text.xcconfig; name = "Pods-SampleProjectTests.debug-dev.xcconfig"; path = "Target Support Files/Pods-SampleProjectTests/Pods-SampleProjectTests.debug-dev.xcconfig"; sourceTree = "<group>"; };
		97BA4E7DD523CBE3F6F2F706 /* Pods-SampleProjectTests.release.xcconfig */ = {isa = PBXFileReference; includeInIndex = 1; lastKnownFileType = text.xcconfig; name = "Pods-SampleProjectTests.release.xcconfig"; path = "Target Support Files/Pods-SampleProjectTests/Pods-SampleProjectTests.release.xcconfig"; sourceTree = "<group>"; };
		9CACFC7147E0521EEE36AF5F /* Pods-SampleProject.debug.xcconfig */ = {isa = PBXFileReference; includeInIndex = 1; lastKnownFileType = text.xcconfig; name = "Pods-SampleProject.debug.xcconfig"; path = "Target Support Files/Pods-SampleProject/Pods-SampleProject.debug.xcconfig"; sourceTree = "<group>"; };
		A9C60427721FC17BF747A027 /* Pods-SampleProjectTests.release-dev.xcconfig */ = {isa = PBXFileReference; includeInIndex = 1; lastKnownFileType = text.xcconfig; name = "Pods-SampleProjectTests.release-dev.xcconfig"; path = "Target Support Files/Pods-SampleProjectTests/Pods-SampleProjectTests.release-dev.xcconfig"; sourceTree = "<group>"; };
		AD0716342DFA0D8F06E6C0FC /* Pods_SampleProjectTests.framework */ = {isa = PBXFileReference; explicitFileType = wrapper.framework; includeInIndex = 0; path = Pods_SampleProjectTests.framework; sourceTree = BUILT_PRODUCTS_DIR; };
		C5314CC750B82F0795C3E269 /* Pods-SampleProjectTests.debug.xcconfig */ = {isa = PBXFileReference; includeInIndex = 1; lastKnownFileType = text.xcconfig; name = "Pods-SampleProjectTests.debug.xcconfig"; path = "Target Support Files/Pods-SampleProjectTests/Pods-SampleProjectTests.debug.xcconfig"; sourceTree = "<group>"; };
		F05F01462573C16A00E179CB /* SampleProject-DEV.xcconfig */ = {isa = PBXFileReference; lastKnownFileType = text.xcconfig; path = "SampleProject-DEV.xcconfig"; sourceTree = "<group>"; };
		F05F01482573C18500E179CB /* SampleProject-PROD.xcconfig */ = {isa = PBXFileReference; lastKnownFileType = text.xcconfig; path = "SampleProject-PROD.xcconfig"; sourceTree = "<group>"; };
		F0D8E6482572CC620058EC30 /* SampleProject.app */ = {isa = PBXFileReference; explicitFileType = wrapper.application; includeInIndex = 0; path = SampleProject.app; sourceTree = BUILT_PRODUCTS_DIR; };
		F0D8E64B2572CC620058EC30 /* AppDelegate.swift */ = {isa = PBXFileReference; lastKnownFileType = sourcecode.swift; path = AppDelegate.swift; sourceTree = "<group>"; };
		F0D8E64D2572CC620058EC30 /* SceneDelegate.swift */ = {isa = PBXFileReference; lastKnownFileType = sourcecode.swift; path = SceneDelegate.swift; sourceTree = "<group>"; };
		F0D8E6512572CC640058EC30 /* Assets.xcassets */ = {isa = PBXFileReference; lastKnownFileType = folder.assetcatalog; path = Assets.xcassets; sourceTree = "<group>"; };
		F0D8E6572572CC640058EC30 /* Base */ = {isa = PBXFileReference; lastKnownFileType = file.storyboard; name = Base; path = Base.lproj/LaunchScreen.storyboard; sourceTree = "<group>"; };
		F0D8E6592572CC640058EC30 /* Info.plist */ = {isa = PBXFileReference; lastKnownFileType = text.plist.xml; path = Info.plist; sourceTree = "<group>"; };
		F0D8E65E2572CC640058EC30 /* SampleProjectTests.xctest */ = {isa = PBXFileReference; explicitFileType = wrapper.cfbundle; includeInIndex = 0; path = SampleProjectTests.xctest; sourceTree = BUILT_PRODUCTS_DIR; };
		F0D8E6622572CC640058EC30 /* SampleProjectTests.swift */ = {isa = PBXFileReference; lastKnownFileType = sourcecode.swift; path = SampleProjectTests.swift; sourceTree = "<group>"; };
		F0D8E6642572CC640058EC30 /* Info.plist */ = {isa = PBXFileReference; lastKnownFileType = text.plist.xml; path = Info.plist; sourceTree = "<group>"; };
		F2244E6DABCF5FC438457B4F /* Pods-SampleProject.release-prod.xcconfig */ = {isa = PBXFileReference; includeInIndex = 1; lastKnownFileType = text.xcconfig; name = "Pods-SampleProject.release-prod.xcconfig"; path = "Target Support Files/Pods-SampleProject/Pods-SampleProject.release-prod.xcconfig"; sourceTree = "<group>"; };
/* End PBXFileReference section */

/* Begin PBXFrameworksBuildPhase section */
		F0D8E6452572CC620058EC30 /* Frameworks */ = {
			isa = PBXFrameworksBuildPhase;
			buildActionMask = 2147483647;
			files = (
			);
			runOnlyForDeploymentPostprocessing = 0;
		};
		F0D8E65B2572CC640058EC30 /* Frameworks */ = {
			isa = PBXFrameworksBuildPhase;
			buildActionMask = 2147483647;
			files = (
				C83CD12D1F7E50F10246027B /* Pods_SampleProjectTests.framework in Frameworks */,
			);
			runOnlyForDeploymentPostprocessing = 0;
		};
/* End PBXFrameworksBuildPhase section */

/* Begin PBXGroup section */
		722EF143AB60DE17AF0C460A /* Frameworks */ = {
			isa = PBXGroup;
			children = (
				43E46D788B6039289B8F6AEC /* Pods_SampleProject.framework */,
				AD0716342DFA0D8F06E6C0FC /* Pods_SampleProjectTests.framework */,
			);
			name = Frameworks;
			sourceTree = "<group>";
		};
		9E21CD1E91D95163A7CD811F /* Pods */ = {
			isa = PBXGroup;
			children = (
				9CACFC7147E0521EEE36AF5F /* Pods-SampleProject.debug.xcconfig */,
				5341369D117E094BD4263379 /* Pods-SampleProject.release.xcconfig */,
				C5314CC750B82F0795C3E269 /* Pods-SampleProjectTests.debug.xcconfig */,
				97BA4E7DD523CBE3F6F2F706 /* Pods-SampleProjectTests.release.xcconfig */,
				6AA841D1AAE4835CCA7034AF /* Pods-SampleProject.debug-dev.xcconfig */,
				5AF0C85D969740AFDEE1662B /* Pods-SampleProject.debug-prod.xcconfig */,
				0ED64D526DF5DF877D7E53A4 /* Pods-SampleProject.release-dev.xcconfig */,
				F2244E6DABCF5FC438457B4F /* Pods-SampleProject.release-prod.xcconfig */,
				6ED246FF18A0DC69F59E0336 /* Pods-SampleProjectTests.debug-dev.xcconfig */,
				2988512888AF65071B374891 /* Pods-SampleProjectTests.debug-prod.xcconfig */,
				A9C60427721FC17BF747A027 /* Pods-SampleProjectTests.release-dev.xcconfig */,
				23FCD74CF2AD4282A058D2CB /* Pods-SampleProjectTests.release-prod.xcconfig */,
			);
			path = Pods;
			sourceTree = "<group>";
		};
		F05F013D2573B57400E179CB /* Resources */ = {
			isa = PBXGroup;
			children = (
				F05F013F2573BDD500E179CB /* Configuration */,
				F0D8E64B2572CC620058EC30 /* AppDelegate.swift */,
				F0D8E64D2572CC620058EC30 /* SceneDelegate.swift */,
				F0D8E6512572CC640058EC30 /* Assets.xcassets */,
				F0D8E6562572CC640058EC30 /* LaunchScreen.storyboard */,
				F0D8E6592572CC640058EC30 /* Info.plist */,
			);
			path = Resources;
			sourceTree = "<group>";
		};
		F05F013F2573BDD500E179CB /* Configuration */ = {
			isa = PBXGroup;
			children = (
				F05F01462573C16A00E179CB /* SampleProject-DEV.xcconfig */,
				F05F01482573C18500E179CB /* SampleProject-PROD.xcconfig */,
			);
			path = Configuration;
			sourceTree = "<group>";
		};
		F0D8E63F2572CC620058EC30 = {
			isa = PBXGroup;
			children = (
				F0D8E64A2572CC620058EC30 /* SampleProject */,
				F0D8E6612572CC640058EC30 /* SampleProjectTests */,
				F0D8E6492572CC620058EC30 /* Products */,
				9E21CD1E91D95163A7CD811F /* Pods */,
				722EF143AB60DE17AF0C460A /* Frameworks */,
			);
			sourceTree = "<group>";
		};
		F0D8E6492572CC620058EC30 /* Products */ = {
			isa = PBXGroup;
			children = (
				F0D8E6482572CC620058EC30 /* SampleProject.app */,
				F0D8E65E2572CC640058EC30 /* SampleProjectTests.xctest */,
			);
			name = Products;
			sourceTree = "<group>";
		};
		F0D8E64A2572CC620058EC30 /* SampleProject */ = {
			isa = PBXGroup;
			children = (
				F05F013D2573B57400E179CB /* Resources */,
			);
			path = SampleProject;
			sourceTree = "<group>";
		};
		F0D8E6612572CC640058EC30 /* SampleProjectTests */ = {
			isa = PBXGroup;
			children = (
				F0D8E6622572CC640058EC30 /* SampleProjectTests.swift */,
				F0D8E6642572CC640058EC30 /* Info.plist */,
			);
			path = SampleProjectTests;
			sourceTree = "<group>";
		};
/* End PBXGroup section */

/* Begin PBXNativeTarget section */
		F0D8E6472572CC620058EC30 /* SampleProject */ = {
			isa = PBXNativeTarget;
			buildConfigurationList = F0D8E6672572CC640058EC30 /* Build configuration list for PBXNativeTarget "SampleProject" */;
			buildPhases = (
				E9F136DE16DAC5390D4C146B /* [CP] Check Pods Manifest.lock */,
				F0D8E6442572CC620058EC30 /* Sources */,
				F0D8E6452572CC620058EC30 /* Frameworks */,
				F0D8E6462572CC620058EC30 /* Resources */,
				F05F013E2573BBFB00E179CB /* Swiftlint */,
			);
			buildRules = (
			);
			dependencies = (
			);
			name = SampleProject;
			productName = SampleProject;
			productReference = F0D8E6482572CC620058EC30 /* SampleProject.app */;
			productType = "com.apple.product-type.application";
		};
		F0D8E65D2572CC640058EC30 /* SampleProjectTests */ = {
			isa = PBXNativeTarget;
			buildConfigurationList = F0D8E66A2572CC640058EC30 /* Build configuration list for PBXNativeTarget "SampleProjectTests" */;
			buildPhases = (
				E392E68727ACDF08F715690C /* [CP] Check Pods Manifest.lock */,
				F0D8E65A2572CC640058EC30 /* Sources */,
				F0D8E65B2572CC640058EC30 /* Frameworks */,
				F0D8E65C2572CC640058EC30 /* Resources */,
			);
			buildRules = (
			);
			dependencies = (
				F0D8E6602572CC640058EC30 /* PBXTargetDependency */,
			);
			name = SampleProjectTests;
			productName = SampleProjectTests;
			productReference = F0D8E65E2572CC640058EC30 /* SampleProjectTests.xctest */;
			productType = "com.apple.product-type.bundle.unit-test";
		};
/* End PBXNativeTarget section */

/* Begin PBXProject section */
		F0D8E6402572CC620058EC30 /* Project object */ = {
			isa = PBXProject;
			attributes = {
				LastSwiftUpdateCheck = 1120;
				LastUpgradeCheck = 1120;
				ORGANIZATIONNAME = "Booyac IT";
				TargetAttributes = {
					F0D8E6472572CC620058EC30 = {
						CreatedOnToolsVersion = 11.2.1;
					};
					F0D8E65D2572CC640058EC30 = {
						CreatedOnToolsVersion = 11.2.1;
						TestTargetID = F0D8E6472572CC620058EC30;
					};
				};
			};
			buildConfigurationList = F0D8E6432572CC620058EC30 /* Build configuration list for PBXProject "SampleProject" */;
			compatibilityVersion = "Xcode 9.3";
			developmentRegion = en;
			hasScannedForEncodings = 0;
			knownRegions = (
				en,
				Base,
			);
			mainGroup = F0D8E63F2572CC620058EC30;
			productRefGroup = F0D8E6492572CC620058EC30 /* Products */;
			projectDirPath = "";
			projectRoot = "";
			targets = (
				F0D8E6472572CC620058EC30 /* SampleProject */,
				F0D8E65D2572CC640058EC30 /* SampleProjectTests */,
			);
		};
/* End PBXProject section */

/* Begin PBXResourcesBuildPhase section */
		F0D8E6462572CC620058EC30 /* Resources */ = {
			isa = PBXResourcesBuildPhase;
			buildActionMask = 2147483647;
			files = (
				F05F01472573C16A00E179CB /* SampleProject-DEV.xcconfig in Resources */,
				F05F01492573C18500E179CB /* SampleProject-PROD.xcconfig in Resources */,
				F0D8E6582572CC640058EC30 /* LaunchScreen.storyboard in Resources */,
				F0D8E6522572CC640058EC30 /* Assets.xcassets in Resources */,
			);
			runOnlyForDeploymentPostprocessing = 0;
		};
		F0D8E65C2572CC640058EC30 /* Resources */ = {
			isa = PBXResourcesBuildPhase;
			buildActionMask = 2147483647;
			files = (
			);
			runOnlyForDeploymentPostprocessing = 0;
		};
/* End PBXResourcesBuildPhase section */

/* Begin PBXShellScriptBuildPhase section */
		E392E68727ACDF08F715690C /* [CP] Check Pods Manifest.lock */ = {
			isa = PBXShellScriptBuildPhase;
			buildActionMask = 2147483647;
			files = (
			);
			inputFileListPaths = (
			);
			inputPaths = (
				"${PODS_PODFILE_DIR_PATH}/Podfile.lock",
				"${PODS_ROOT}/Manifest.lock",
			);
			name = "[CP] Check Pods Manifest.lock";
			outputFileListPaths = (
			);
			outputPaths = (
				"$(DERIVED_FILE_DIR)/Pods-SampleProjectTests-checkManifestLockResult.txt",
			);
			runOnlyForDeploymentPostprocessing = 0;
			shellPath = /bin/sh;
			shellScript = "diff \"${PODS_PODFILE_DIR_PATH}/Podfile.lock\" \"${PODS_ROOT}/Manifest.lock\" > /dev/null\nif [ $? != 0 ] ; then\n    # print error to STDERR\n    echo \"error: The sandbox is not in sync with the Podfile.lock. Run 'pod install' or update your CocoaPods installation.\" >&2\n    exit 1\nfi\n# This output is used by Xcode 'outputs' to avoid re-running this script phase.\necho \"SUCCESS\" > \"${SCRIPT_OUTPUT_FILE_0}\"\n";
			showEnvVarsInLog = 0;
		};
		E9F136DE16DAC5390D4C146B /* [CP] Check Pods Manifest.lock */ = {
			isa = PBXShellScriptBuildPhase;
			buildActionMask = 2147483647;
			files = (
			);
			inputFileListPaths = (
			);
			inputPaths = (
				"${PODS_PODFILE_DIR_PATH}/Podfile.lock",
				"${PODS_ROOT}/Manifest.lock",
			);
			name = "[CP] Check Pods Manifest.lock";
			outputFileListPaths = (
			);
			outputPaths = (
				"$(DERIVED_FILE_DIR)/Pods-SampleProject-checkManifestLockResult.txt",
			);
			runOnlyForDeploymentPostprocessing = 0;
			shellPath = /bin/sh;
			shellScript = "diff \"${PODS_PODFILE_DIR_PATH}/Podfile.lock\" \"${PODS_ROOT}/Manifest.lock\" > /dev/null\nif [ $? != 0 ] ; then\n    # print error to STDERR\n    echo \"error: The sandbox is not in sync with the Podfile.lock. Run 'pod install' or update your CocoaPods installation.\" >&2\n    exit 1\nfi\n# This output is used by Xcode 'outputs' to avoid re-running this script phase.\necho \"SUCCESS\" > \"${SCRIPT_OUTPUT_FILE_0}\"\n";
			showEnvVarsInLog = 0;
		};
		F05F013E2573BBFB00E179CB /* Swiftlint */ = {
			isa = PBXShellScriptBuildPhase;
			buildActionMask = 2147483647;
			files = (
			);
			inputFileListPaths = (
			);
			inputPaths = (
			);
			name = Swiftlint;
			outputFileListPaths = (
			);
			outputPaths = (
			);
			runOnlyForDeploymentPostprocessing = 0;
			shellPath = /bin/sh;
			shellScript = "# Type a script or drag a script file from your workspace to insert its path.\n\"${PODS_ROOT}/SwiftLint/swiftlint\"\n";
		};
/* End PBXShellScriptBuildPhase section */

/* Begin PBXSourcesBuildPhase section */
		F0D8E6442572CC620058EC30 /* Sources */ = {
			isa = PBXSourcesBuildPhase;
			buildActionMask = 2147483647;
			files = (
				F0D8E64C2572CC620058EC30 /* AppDelegate.swift in Sources */,
				F0D8E64E2572CC620058EC30 /* SceneDelegate.swift in Sources */,
			);
			runOnlyForDeploymentPostprocessing = 0;
		};
		F0D8E65A2572CC640058EC30 /* Sources */ = {
			isa = PBXSourcesBuildPhase;
			buildActionMask = 2147483647;
			files = (
				F0D8E6632572CC640058EC30 /* SampleProjectTests.swift in Sources */,
			);
			runOnlyForDeploymentPostprocessing = 0;
		};
/* End PBXSourcesBuildPhase section */

/* Begin PBXTargetDependency section */
		F0D8E6602572CC640058EC30 /* PBXTargetDependency */ = {
			isa = PBXTargetDependency;
			target = F0D8E6472572CC620058EC30 /* SampleProject */;
			targetProxy = F0D8E65F2572CC640058EC30 /* PBXContainerItemProxy */;
		};
/* End PBXTargetDependency section */

/* Begin PBXVariantGroup section */
		F0D8E6562572CC640058EC30 /* LaunchScreen.storyboard */ = {
			isa = PBXVariantGroup;
			children = (
				F0D8E6572572CC640058EC30 /* Base */,
			);
			name = LaunchScreen.storyboard;
			sourceTree = "<group>";
		};
/* End PBXVariantGroup section */

/* Begin XCBuildConfiguration section */
		F05F01402573C00200E179CB /* Debug-PROD */ = {
			isa = XCBuildConfiguration;
			baseConfigurationReference = F05F01482573C18500E179CB /* SampleProject-PROD.xcconfig */;
			buildSettings = {
				ALWAYS_SEARCH_USER_PATHS = NO;
				CLANG_ANALYZER_NONNULL = YES;
				CLANG_ANALYZER_NUMBER_OBJECT_CONVERSION = YES_AGGRESSIVE;
				CLANG_CXX_LANGUAGE_STANDARD = "gnu++14";
				CLANG_CXX_LIBRARY = "libc++";
				CLANG_ENABLE_MODULES = YES;
				CLANG_ENABLE_OBJC_ARC = YES;
				CLANG_ENABLE_OBJC_WEAK = YES;
				CLANG_WARN_BLOCK_CAPTURE_AUTORELEASING = YES;
				CLANG_WARN_BOOL_CONVERSION = YES;
				CLANG_WARN_COMMA = YES;
				CLANG_WARN_CONSTANT_CONVERSION = YES;
				CLANG_WARN_DEPRECATED_OBJC_IMPLEMENTATIONS = YES;
				CLANG_WARN_DIRECT_OBJC_ISA_USAGE = YES_ERROR;
				CLANG_WARN_DOCUMENTATION_COMMENTS = YES;
				CLANG_WARN_EMPTY_BODY = YES;
				CLANG_WARN_ENUM_CONVERSION = YES;
				CLANG_WARN_INFINITE_RECURSION = YES;
				CLANG_WARN_INT_CONVERSION = YES;
				CLANG_WARN_NON_LITERAL_NULL_CONVERSION = YES;
				CLANG_WARN_OBJC_IMPLICIT_RETAIN_SELF = YES;
				CLANG_WARN_OBJC_LITERAL_CONVERSION = YES;
				CLANG_WARN_OBJC_ROOT_CLASS = YES_ERROR;
				CLANG_WARN_RANGE_LOOP_ANALYSIS = YES;
				CLANG_WARN_STRICT_PROTOTYPES = YES;
				CLANG_WARN_SUSPICIOUS_MOVE = YES;
				CLANG_WARN_UNGUARDED_AVAILABILITY = YES_AGGRESSIVE;
				CLANG_WARN_UNREACHABLE_CODE = YES;
				CLANG_WARN__DUPLICATE_METHOD_MATCH = YES;
				COPY_PHASE_STRIP = NO;
				DEBUG_INFORMATION_FORMAT = dwarf;
				ENABLE_STRICT_OBJC_MSGSEND = YES;
				ENABLE_TESTABILITY = YES;
				GCC_C_LANGUAGE_STANDARD = gnu11;
				GCC_DYNAMIC_NO_PIC = NO;
				GCC_NO_COMMON_BLOCKS = YES;
				GCC_OPTIMIZATION_LEVEL = 0;
				GCC_PREPROCESSOR_DEFINITIONS = (
					"DEBUG=1",
					"$(inherited)",
				);
				GCC_WARN_64_TO_32_BIT_CONVERSION = YES;
				GCC_WARN_ABOUT_RETURN_TYPE = YES_ERROR;
				GCC_WARN_UNDECLARED_SELECTOR = YES;
				GCC_WARN_UNINITIALIZED_AUTOS = YES_AGGRESSIVE;
				GCC_WARN_UNUSED_FUNCTION = YES;
				GCC_WARN_UNUSED_VARIABLE = YES;
				IPHONEOS_DEPLOYMENT_TARGET = 13.2;
				MTL_ENABLE_DEBUG_INFO = INCLUDE_SOURCE;
				MTL_FAST_MATH = YES;
				ONLY_ACTIVE_ARCH = YES;
				SDKROOT = iphoneos;
				SWIFT_ACTIVE_COMPILATION_CONDITIONS = DEBUG;
				SWIFT_OPTIMIZATION_LEVEL = "-Onone";
			};
			name = "Debug-PROD";
		};
		F05F01412573C00200E179CB /* Debug-PROD */ = {
			isa = XCBuildConfiguration;
			baseConfigurationReference = 5AF0C85D969740AFDEE1662B /* Pods-SampleProject.debug-prod.xcconfig */;
			buildSettings = {
				ASSETCATALOG_COMPILER_APPICON_NAME = AppIcon;
				CODE_SIGN_STYLE = Automatic;
				DEVELOPMENT_TEAM = 4VV3H7446H;
				ENABLE_PREVIEWS = YES;
				INFOPLIST_FILE = SampleProject/Resources/Info.plist;
				LD_RUNPATH_SEARCH_PATHS = (
					"$(inherited)",
					"@executable_path/Frameworks",
				);
				PRODUCT_BUNDLE_IDENTIFIER = com.booyac.SampleProject;
				PRODUCT_NAME = "$(TARGET_NAME)";
				SWIFT_VERSION = 5.0;
				TARGETED_DEVICE_FAMILY = "1,2";
			};
			name = "Debug-PROD";
		};
		F05F01422573C00200E179CB /* Debug-PROD */ = {
			isa = XCBuildConfiguration;
			baseConfigurationReference = 2988512888AF65071B374891 /* Pods-SampleProjectTests.debug-prod.xcconfig */;
			buildSettings = {
				ALWAYS_EMBED_SWIFT_STANDARD_LIBRARIES = YES;
				BUNDLE_LOADER = "$(TEST_HOST)";
				CODE_SIGN_STYLE = Automatic;
				DEVELOPMENT_TEAM = 4VV3H7446H;
				INFOPLIST_FILE = SampleProjectTests/Info.plist;
				IPHONEOS_DEPLOYMENT_TARGET = 13.2;
				LD_RUNPATH_SEARCH_PATHS = (
					"$(inherited)",
					"@executable_path/Frameworks",
					"@loader_path/Frameworks",
				);
				PRODUCT_BUNDLE_IDENTIFIER = com.booyac.SampleProjectTests;
				PRODUCT_NAME = "$(TARGET_NAME)";
				SWIFT_VERSION = 5.0;
				TARGETED_DEVICE_FAMILY = "1,2";
				TEST_HOST = "$(BUILT_PRODUCTS_DIR)/SampleProject.app/SampleProject";
			};
			name = "Debug-PROD";
		};
		F05F01432573C00C00E179CB /* Release-PROD */ = {
			isa = XCBuildConfiguration;
			baseConfigurationReference = F05F01482573C18500E179CB /* SampleProject-PROD.xcconfig */;
			buildSettings = {
				ALWAYS_SEARCH_USER_PATHS = NO;
				CLANG_ANALYZER_NONNULL = YES;
				CLANG_ANALYZER_NUMBER_OBJECT_CONVERSION = YES_AGGRESSIVE;
				CLANG_CXX_LANGUAGE_STANDARD = "gnu++14";
				CLANG_CXX_LIBRARY = "libc++";
				CLANG_ENABLE_MODULES = YES;
				CLANG_ENABLE_OBJC_ARC = YES;
				CLANG_ENABLE_OBJC_WEAK = YES;
				CLANG_WARN_BLOCK_CAPTURE_AUTORELEASING = YES;
				CLANG_WARN_BOOL_CONVERSION = YES;
				CLANG_WARN_COMMA = YES;
				CLANG_WARN_CONSTANT_CONVERSION = YES;
				CLANG_WARN_DEPRECATED_OBJC_IMPLEMENTATIONS = YES;
				CLANG_WARN_DIRECT_OBJC_ISA_USAGE = YES_ERROR;
				CLANG_WARN_DOCUMENTATION_COMMENTS = YES;
				CLANG_WARN_EMPTY_BODY = YES;
				CLANG_WARN_ENUM_CONVERSION = YES;
				CLANG_WARN_INFINITE_RECURSION = YES;
				CLANG_WARN_INT_CONVERSION = YES;
				CLANG_WARN_NON_LITERAL_NULL_CONVERSION = YES;
				CLANG_WARN_OBJC_IMPLICIT_RETAIN_SELF = YES;
				CLANG_WARN_OBJC_LITERAL_CONVERSION = YES;
				CLANG_WARN_OBJC_ROOT_CLASS = YES_ERROR;
				CLANG_WARN_RANGE_LOOP_ANALYSIS = YES;
				CLANG_WARN_STRICT_PROTOTYPES = YES;
				CLANG_WARN_SUSPICIOUS_MOVE = YES;
				CLANG_WARN_UNGUARDED_AVAILABILITY = YES_AGGRESSIVE;
				CLANG_WARN_UNREACHABLE_CODE = YES;
				CLANG_WARN__DUPLICATE_METHOD_MATCH = YES;
				COPY_PHASE_STRIP = NO;
				DEBUG_INFORMATION_FORMAT = "dwarf-with-dsym";
				ENABLE_NS_ASSERTIONS = NO;
				ENABLE_STRICT_OBJC_MSGSEND = YES;
				GCC_C_LANGUAGE_STANDARD = gnu11;
				GCC_NO_COMMON_BLOCKS = YES;
				GCC_WARN_64_TO_32_BIT_CONVERSION = YES;
				GCC_WARN_ABOUT_RETURN_TYPE = YES_ERROR;
				GCC_WARN_UNDECLARED_SELECTOR = YES;
				GCC_WARN_UNINITIALIZED_AUTOS = YES_AGGRESSIVE;
				GCC_WARN_UNUSED_FUNCTION = YES;
				GCC_WARN_UNUSED_VARIABLE = YES;
				IPHONEOS_DEPLOYMENT_TARGET = 13.2;
				MTL_ENABLE_DEBUG_INFO = NO;
				MTL_FAST_MATH = YES;
				SDKROOT = iphoneos;
				SWIFT_COMPILATION_MODE = wholemodule;
				SWIFT_OPTIMIZATION_LEVEL = "-O";
				VALIDATE_PRODUCT = YES;
			};
			name = "Release-PROD";
		};
		F05F01442573C00C00E179CB /* Release-PROD */ = {
			isa = XCBuildConfiguration;
			baseConfigurationReference = F2244E6DABCF5FC438457B4F /* Pods-SampleProject.release-prod.xcconfig */;
			buildSettings = {
				ASSETCATALOG_COMPILER_APPICON_NAME = AppIcon;
				CODE_SIGN_STYLE = Automatic;
				DEVELOPMENT_TEAM = 4VV3H7446H;
				ENABLE_PREVIEWS = YES;
				INFOPLIST_FILE = SampleProject/Resources/Info.plist;
				LD_RUNPATH_SEARCH_PATHS = (
					"$(inherited)",
					"@executable_path/Frameworks",
				);
				PRODUCT_BUNDLE_IDENTIFIER = com.booyac.SampleProject;
				PRODUCT_NAME = "$(TARGET_NAME)";
				SWIFT_VERSION = 5.0;
				TARGETED_DEVICE_FAMILY = "1,2";
			};
			name = "Release-PROD";
		};
		F05F01452573C00C00E179CB /* Release-PROD */ = {
			isa = XCBuildConfiguration;
			baseConfigurationReference = 23FCD74CF2AD4282A058D2CB /* Pods-SampleProjectTests.release-prod.xcconfig */;
			buildSettings = {
				ALWAYS_EMBED_SWIFT_STANDARD_LIBRARIES = YES;
				BUNDLE_LOADER = "$(TEST_HOST)";
				CODE_SIGN_STYLE = Automatic;
				DEVELOPMENT_TEAM = 4VV3H7446H;
				INFOPLIST_FILE = SampleProjectTests/Info.plist;
				IPHONEOS_DEPLOYMENT_TARGET = 13.2;
				LD_RUNPATH_SEARCH_PATHS = (
					"$(inherited)",
					"@executable_path/Frameworks",
					"@loader_path/Frameworks",
				);
				PRODUCT_BUNDLE_IDENTIFIER = com.booyac.SampleProjectTests;
				PRODUCT_NAME = "$(TARGET_NAME)";
				SWIFT_VERSION = 5.0;
				TARGETED_DEVICE_FAMILY = "1,2";
				TEST_HOST = "$(BUILT_PRODUCTS_DIR)/SampleProject.app/SampleProject";
			};
			name = "Release-PROD";
		};
		F0D8E6652572CC640058EC30 /* Debug-DEV */ = {
			isa = XCBuildConfiguration;
			baseConfigurationReference = F05F01462573C16A00E179CB /* SampleProject-DEV.xcconfig */;
			buildSettings = {
				ALWAYS_SEARCH_USER_PATHS = NO;
				CLANG_ANALYZER_NONNULL = YES;
				CLANG_ANALYZER_NUMBER_OBJECT_CONVERSION = YES_AGGRESSIVE;
				CLANG_CXX_LANGUAGE_STANDARD = "gnu++14";
				CLANG_CXX_LIBRARY = "libc++";
				CLANG_ENABLE_MODULES = YES;
				CLANG_ENABLE_OBJC_ARC = YES;
				CLANG_ENABLE_OBJC_WEAK = YES;
				CLANG_WARN_BLOCK_CAPTURE_AUTORELEASING = YES;
				CLANG_WARN_BOOL_CONVERSION = YES;
				CLANG_WARN_COMMA = YES;
				CLANG_WARN_CONSTANT_CONVERSION = YES;
				CLANG_WARN_DEPRECATED_OBJC_IMPLEMENTATIONS = YES;
				CLANG_WARN_DIRECT_OBJC_ISA_USAGE = YES_ERROR;
				CLANG_WARN_DOCUMENTATION_COMMENTS = YES;
				CLANG_WARN_EMPTY_BODY = YES;
				CLANG_WARN_ENUM_CONVERSION = YES;
				CLANG_WARN_INFINITE_RECURSION = YES;
				CLANG_WARN_INT_CONVERSION = YES;
				CLANG_WARN_NON_LITERAL_NULL_CONVERSION = YES;
				CLANG_WARN_OBJC_IMPLICIT_RETAIN_SELF = YES;
				CLANG_WARN_OBJC_LITERAL_CONVERSION = YES;
				CLANG_WARN_OBJC_ROOT_CLASS = YES_ERROR;
				CLANG_WARN_RANGE_LOOP_ANALYSIS = YES;
				CLANG_WARN_STRICT_PROTOTYPES = YES;
				CLANG_WARN_SUSPICIOUS_MOVE = YES;
				CLANG_WARN_UNGUARDED_AVAILABILITY = YES_AGGRESSIVE;
				CLANG_WARN_UNREACHABLE_CODE = YES;
				CLANG_WARN__DUPLICATE_METHOD_MATCH = YES;
				COPY_PHASE_STRIP = NO;
				DEBUG_INFORMATION_FORMAT = dwarf;
				ENABLE_STRICT_OBJC_MSGSEND = YES;
				ENABLE_TESTABILITY = YES;
				GCC_C_LANGUAGE_STANDARD = gnu11;
				GCC_DYNAMIC_NO_PIC = NO;
				GCC_NO_COMMON_BLOCKS = YES;
				GCC_OPTIMIZATION_LEVEL = 0;
				GCC_PREPROCESSOR_DEFINITIONS = (
					"DEBUG=1",
					"$(inherited)",
				);
				GCC_WARN_64_TO_32_BIT_CONVERSION = YES;
				GCC_WARN_ABOUT_RETURN_TYPE = YES_ERROR;
				GCC_WARN_UNDECLARED_SELECTOR = YES;
				GCC_WARN_UNINITIALIZED_AUTOS = YES_AGGRESSIVE;
				GCC_WARN_UNUSED_FUNCTION = YES;
				GCC_WARN_UNUSED_VARIABLE = YES;
				IPHONEOS_DEPLOYMENT_TARGET = 13.2;
				MTL_ENABLE_DEBUG_INFO = INCLUDE_SOURCE;
				MTL_FAST_MATH = YES;
				ONLY_ACTIVE_ARCH = YES;
				SDKROOT = iphoneos;
				SWIFT_ACTIVE_COMPILATION_CONDITIONS = DEBUG;
				SWIFT_OPTIMIZATION_LEVEL = "-Onone";
			};
			name = "Debug-DEV";
		};
		F0D8E6662572CC640058EC30 /* Release-DEV */ = {
			isa = XCBuildConfiguration;
			baseConfigurationReference = F05F01462573C16A00E179CB /* SampleProject-DEV.xcconfig */;
			buildSettings = {
				ALWAYS_SEARCH_USER_PATHS = NO;
				CLANG_ANALYZER_NONNULL = YES;
				CLANG_ANALYZER_NUMBER_OBJECT_CONVERSION = YES_AGGRESSIVE;
				CLANG_CXX_LANGUAGE_STANDARD = "gnu++14";
				CLANG_CXX_LIBRARY = "libc++";
				CLANG_ENABLE_MODULES = YES;
				CLANG_ENABLE_OBJC_ARC = YES;
				CLANG_ENABLE_OBJC_WEAK = YES;
				CLANG_WARN_BLOCK_CAPTURE_AUTORELEASING = YES;
				CLANG_WARN_BOOL_CONVERSION = YES;
				CLANG_WARN_COMMA = YES;
				CLANG_WARN_CONSTANT_CONVERSION = YES;
				CLANG_WARN_DEPRECATED_OBJC_IMPLEMENTATIONS = YES;
				CLANG_WARN_DIRECT_OBJC_ISA_USAGE = YES_ERROR;
				CLANG_WARN_DOCUMENTATION_COMMENTS = YES;
				CLANG_WARN_EMPTY_BODY = YES;
				CLANG_WARN_ENUM_CONVERSION = YES;
				CLANG_WARN_INFINITE_RECURSION = YES;
				CLANG_WARN_INT_CONVERSION = YES;
				CLANG_WARN_NON_LITERAL_NULL_CONVERSION = YES;
				CLANG_WARN_OBJC_IMPLICIT_RETAIN_SELF = YES;
				CLANG_WARN_OBJC_LITERAL_CONVERSION = YES;
				CLANG_WARN_OBJC_ROOT_CLASS = YES_ERROR;
				CLANG_WARN_RANGE_LOOP_ANALYSIS = YES;
				CLANG_WARN_STRICT_PROTOTYPES = YES;
				CLANG_WARN_SUSPICIOUS_MOVE = YES;
				CLANG_WARN_UNGUARDED_AVAILABILITY = YES_AGGRESSIVE;
				CLANG_WARN_UNREACHABLE_CODE = YES;
				CLANG_WARN__DUPLICATE_METHOD_MATCH = YES;
				COPY_PHASE_STRIP = NO;
				DEBUG_INFORMATION_FORMAT = "dwarf-with-dsym";
				ENABLE_NS_ASSERTIONS = NO;
				ENABLE_STRICT_OBJC_MSGSEND = YES;
				GCC_C_LANGUAGE_STANDARD = gnu11;
				GCC_NO_COMMON_BLOCKS = YES;
				GCC_WARN_64_TO_32_BIT_CONVERSION = YES;
				GCC_WARN_ABOUT_RETURN_TYPE = YES_ERROR;
				GCC_WARN_UNDECLARED_SELECTOR = YES;
				GCC_WARN_UNINITIALIZED_AUTOS = YES_AGGRESSIVE;
				GCC_WARN_UNUSED_FUNCTION = YES;
				GCC_WARN_UNUSED_VARIABLE = YES;
				IPHONEOS_DEPLOYMENT_TARGET = 13.2;
				MTL_ENABLE_DEBUG_INFO = NO;
				MTL_FAST_MATH = YES;
				SDKROOT = iphoneos;
				SWIFT_COMPILATION_MODE = wholemodule;
				SWIFT_OPTIMIZATION_LEVEL = "-O";
				VALIDATE_PRODUCT = YES;
			};
			name = "Release-DEV";
		};
		F0D8E6682572CC640058EC30 /* Debug-DEV */ = {
			isa = XCBuildConfiguration;
			baseConfigurationReference = 6AA841D1AAE4835CCA7034AF /* Pods-SampleProject.debug-dev.xcconfig */;
			buildSettings = {
				ASSETCATALOG_COMPILER_APPICON_NAME = AppIcon;
				CODE_SIGN_STYLE = Automatic;
				DEVELOPMENT_TEAM = 4VV3H7446H;
				ENABLE_PREVIEWS = YES;
				INFOPLIST_FILE = SampleProject/Resources/Info.plist;
				LD_RUNPATH_SEARCH_PATHS = (
					"$(inherited)",
					"@executable_path/Frameworks",
				);
				PRODUCT_BUNDLE_IDENTIFIER = com.booyac.SampleProject;
				PRODUCT_NAME = "$(TARGET_NAME)";
				SWIFT_VERSION = 5.0;
				TARGETED_DEVICE_FAMILY = "1,2";
			};
			name = "Debug-DEV";
		};
		F0D8E6692572CC640058EC30 /* Release-DEV */ = {
			isa = XCBuildConfiguration;
			baseConfigurationReference = 0ED64D526DF5DF877D7E53A4 /* Pods-SampleProject.release-dev.xcconfig */;
			buildSettings = {
				ASSETCATALOG_COMPILER_APPICON_NAME = AppIcon;
				CODE_SIGN_STYLE = Automatic;
				DEVELOPMENT_TEAM = 4VV3H7446H;
				ENABLE_PREVIEWS = YES;
				INFOPLIST_FILE = SampleProject/Resources/Info.plist;
				LD_RUNPATH_SEARCH_PATHS = (
					"$(inherited)",
					"@executable_path/Frameworks",
				);
				PRODUCT_BUNDLE_IDENTIFIER = com.booyac.SampleProject;
				PRODUCT_NAME = "$(TARGET_NAME)";
				SWIFT_VERSION = 5.0;
				TARGETED_DEVICE_FAMILY = "1,2";
			};
			name = "Release-DEV";
		};
		F0D8E66B2572CC640058EC30 /* Debug-DEV */ = {
			isa = XCBuildConfiguration;
			baseConfigurationReference = 6ED246FF18A0DC69F59E0336 /* Pods-SampleProjectTests.debug-dev.xcconfig */;
			buildSettings = {
				ALWAYS_EMBED_SWIFT_STANDARD_LIBRARIES = YES;
				BUNDLE_LOADER = "$(TEST_HOST)";
				CODE_SIGN_STYLE = Automatic;
				DEVELOPMENT_TEAM = 4VV3H7446H;
				INFOPLIST_FILE = SampleProjectTests/Info.plist;
				IPHONEOS_DEPLOYMENT_TARGET = 13.2;
				LD_RUNPATH_SEARCH_PATHS = (
					"$(inherited)",
					"@executable_path/Frameworks",
					"@loader_path/Frameworks",
				);
				PRODUCT_BUNDLE_IDENTIFIER = com.booyac.SampleProjectTests;
				PRODUCT_NAME = "$(TARGET_NAME)";
				SWIFT_VERSION = 5.0;
				TARGETED_DEVICE_FAMILY = "1,2";
				TEST_HOST = "$(BUILT_PRODUCTS_DIR)/SampleProject.app/SampleProject";
			};
			name = "Debug-DEV";
		};
		F0D8E66C2572CC640058EC30 /* Release-DEV */ = {
			isa = XCBuildConfiguration;
			baseConfigurationReference = A9C60427721FC17BF747A027 /* Pods-SampleProjectTests.release-dev.xcconfig */;
			buildSettings = {
				ALWAYS_EMBED_SWIFT_STANDARD_LIBRARIES = YES;
				BUNDLE_LOADER = "$(TEST_HOST)";
				CODE_SIGN_STYLE = Automatic;
				DEVELOPMENT_TEAM = 4VV3H7446H;
				INFOPLIST_FILE = SampleProjectTests/Info.plist;
				IPHONEOS_DEPLOYMENT_TARGET = 13.2;
				LD_RUNPATH_SEARCH_PATHS = (
					"$(inherited)",
					"@executable_path/Frameworks",
					"@loader_path/Frameworks",
				);
				PRODUCT_BUNDLE_IDENTIFIER = com.booyac.SampleProjectTests;
				PRODUCT_NAME = "$(TARGET_NAME)";
				SWIFT_VERSION = 5.0;
				TARGETED_DEVICE_FAMILY = "1,2";
				TEST_HOST = "$(BUILT_PRODUCTS_DIR)/SampleProject.app/SampleProject";
			};
			name = "Release-DEV";
		};
/* End XCBuildConfiguration section */

/* Begin XCConfigurationList section */
		F0D8E6432572CC620058EC30 /* Build configuration list for PBXProject "SampleProject" */ = {
			isa = XCConfigurationList;
			buildConfigurations = (
				F0D8E6652572CC640058EC30 /* Debug-DEV */,
				F05F01402573C00200E179CB /* Debug-PROD */,
				F0D8E6662572CC640058EC30 /* Release-DEV */,
				F05F01432573C00C00E179CB /* Release-PROD */,
			);
			defaultConfigurationIsVisible = 0;
			defaultConfigurationName = "Release-DEV";
		};
		F0D8E6672572CC640058EC30 /* Build configuration list for PBXNativeTarget "SampleProject" */ = {
			isa = XCConfigurationList;
			buildConfigurations = (
				F0D8E6682572CC640058EC30 /* Debug-DEV */,
				F05F01412573C00200E179CB /* Debug-PROD */,
				F0D8E6692572CC640058EC30 /* Release-DEV */,
				F05F01442573C00C00E179CB /* Release-PROD */,
			);
			defaultConfigurationIsVisible = 0;
			defaultConfigurationName = "Release-DEV";
		};
		F0D8E66A2572CC640058EC30 /* Build configuration list for PBXNativeTarget "SampleProjectTests" */ = {
			isa = XCConfigurationList;
			buildConfigurations = (
				F0D8E66B2572CC640058EC30 /* Debug-DEV */,
				F05F01422573C00200E179CB /* Debug-PROD */,
				F0D8E66C2572CC640058EC30 /* Release-DEV */,
				F05F01452573C00C00E179CB /* Release-PROD */,
			);
			defaultConfigurationIsVisible = 0;
			defaultConfigurationName = "Release-DEV";
		};
/* End XCConfigurationList section */
	};
	rootObject = F0D8E6402572CC620058EC30 /* Project object */;
}
